
Microsoft Visual Studio Solution File, Format Version 12.00
# Visual Studio Version 16
VisualStudioVersion = 16.0.29318.209
MinimumVisualStudioVersion = 10.0.40219.1
Project("{FAE04EC0-301F-11D3-BF4B-00C04F79EFBC}") = "SubscriptExceptionTest", "SubscriptExceptionTest\SubscriptExceptionTest.csproj", "{AA79F83C-BE8E-4078-8A07-69F2A6699549}"
EndProject
Global
	GlobalSection(SolutionConfigurationPlatforms) = preSolution
		Debug|Any CPU = Debug|Any CPU
		Release|Any CPU = Release|Any CPU
	EndGlobalSection
	GlobalSection(ProjectConfigurationPlatforms) = postSolution
		{AA79F83C-BE8E-4078-8A07-69F2A6699549}.Debug|Any CPU.ActiveCfg = Debug|Any CPU
		{AA79F83C-BE8E-4078-8A07-69F2A6699549}.Debug|Any CPU.Build.0 = Debug|Any CPU
		{AA79F83C-BE8E-4078-8A07-69F2A6699549}.Release|Any CPU.ActiveCfg = Release|Any CPU
		{AA79F83C-BE8E-4078-8A07-69F2A6699549}.Release|Any CPU.Build.0 = Release|Any CPU
	EndGlobalSection
	GlobalSection(SolutionProperties) = preSolution
		HideSolutionNode = FALSE
	EndGlobalSection
	GlobalSection(ExtensibilityGlobals) = postSolution
		SolutionGuid = {C1C916E8-C4C5-4322-AED4-C8E78EA815B4}
	EndGlobalSection
EndGlobal
